# THIS IS AN AUTOGENERATED FILE. DO NOT EDIT THIS FILE DIRECTLY.
# yarn lockfile v1


jpeg-js@^0.4.2, jpeg-js@^0.4.4:
  version "0.4.4"
  resolved "https://registry.yarnpkg.com/jpeg-js/-/jpeg-js-0.4.4.tgz#a9f1c6f1f9f0fa80cdb3484ed9635054d28936aa"
  integrity sha512-WZzeDOEtTOBK4Mdsar0IqEU5sMr3vSV2RqkAIzUEV2BHnUfKGyswWFPFwK5EeDo93K3FohSHbLAjj0s1Wzd+dg==

js-image-generator@^1.0.4:
  version "1.0.4"
  resolved "https://registry.yarnpkg.com/js-image-generator/-/js-image-generator-1.0.4.tgz#e5a817e927adddf99e530b112c3ed1f738b25001"
  integrity sha512-ckb7kyVojGAnArouVR+5lBIuwU1fcrn7E/YYSd0FK7oIngAkMmRvHASLro9Zt5SQdWToaI66NybG+OGxPw/HlQ==
  dependencies:
    jpeg-js "^0.4.2"

minidenticons@^4.2.0:
  version "4.2.0"
  resolved "https://registry.yarnpkg.com/minidenticons/-/minidenticons-4.2.0.tgz#6c5e06e30127d160902f6ba600da3db4ac8e70dd"
  integrity sha512-2T3VU1N30yI3kXMRbdLsJ5DgsBoGLi2+2hbm1xTOU2RQXWW5wwpmz9XQohVSsVlhymf4W69sMGj6s39t796PBA==
